<?xml version="1.0" encoding="utf-8"?>
<Project ToolsVersion="4.0" xmlns="http://schemas.microsoft.com/developer/msbuild/2003">
  <ItemGroup>
    <Filter Include="Precompiled">
      <UniqueIdentifier>{ad5ad498-d98f-4341-8cdf-d2017e62fc44}</UniqueIdentifier>
    </Filter>
    <Filter Include="HexGrid">
      <UniqueIdentifier>{269c7188-f9da-4825-a4d0-1de07cf74f67}</UniqueIdentifier>
    </Filter>
  </ItemGroup>
  <ItemGroup>
    <ClInclude Include="stdafx.h">
      <Filter>Precompiled</Filter>
    </ClInclude>
    <ClInclude Include="targetver.h">
      <Filter>Precompiled</Filter>
    </ClInclude>
    <ClInclude Include="HexConvert.h">
      <Filter>HexGrid</Filter>
    </ClInclude>
    <ClInclude Include="HexCubeIndex.h">
      <Filter>HexGrid</Filter>
    </ClInclude>
    <ClInclude Include="HexGrid.h">
      <Filter>HexGrid</Filter>
    </ClInclude>
    <ClInclude Include="HexGridPT.hpp">
      <Filter>HexGrid</Filter>
    </ClInclude>
    <ClInclude Include="HexIndex.h">
      <Filter>HexGrid</Filter>
    </ClInclude>
    <ClInclude Include="HexConvertPT.hpp">
      <Filter>HexGrid</Filter>
    </ClInclude>
    <ClInclude Include="HexInclude.h">
      <Filter>HexGrid</Filter>
    </ClInclude>
    <ClInclude Include="HexPixel.h">
      <Filter>HexGrid</Filter>
    </ClInclude>
    <ClInclude Include="HexGridManager.h">
      <Filter>HexGrid</Filter>
    </ClInclude>
  </ItemGroup>
  <ItemGroup>
    <ClCompile Include="stdafx.cpp">
      <Filter>Precompiled</Filter>
    </ClCompile>
    <ClCompile Include="Main.cpp" />
  </ItemGroup>
</Project>