<?xml version="1.0" encoding="utf-8"?>
<Project ToolsVersion="4.0" xmlns="http://schemas.microsoft.com/developer/msbuild/2003">
  <ItemGroup>
    <Filter Include="Precompiled">
      <UniqueIdentifier>{ad5ad498-d98f-4341-8cdf-d2017e62fc44}</UniqueIdentifier>
    </Filter>
    <Filter Include="Include">
      <UniqueIdentifier>{379a3597-ea1a-4186-af0d-80db2361308c}</UniqueIdentifier>
    </Filter>
  </ItemGroup>
  <ItemGroup>
    <ClInclude Include="stdafx.h">
      <Filter>Precompiled</Filter>
    </ClInclude>
    <ClInclude Include="targetver.h">
      <Filter>Precompiled</Filter>
    </ClInclude>
    <ClInclude Include="..\Include\HexAStar.h">
      <Filter>Include</Filter>
    </ClInclude>
    <ClInclude Include="..\Include\HexCube.h">
      <Filter>Include</Filter>
    </ClInclude>
    <ClInclude Include="..\Include\HexGrid.h">
      <Filter>Include</Filter>
    </ClInclude>
    <ClInclude Include="..\Include\HexInclude.h">
      <Filter>Include</Filter>
    </ClInclude>
    <ClInclude Include="..\Include\HexIndex.h">
      <Filter>Include</Filter>
    </ClInclude>
    <ClInclude Include="..\Include\HexLayout.h">
      <Filter>Include</Filter>
    </ClInclude>
    <ClInclude Include="..\Include\HexOffset.h">
      <Filter>Include</Filter>
    </ClInclude>
    <ClInclude Include="..\Include\HexOrientation.h">
      <Filter>Include</Filter>
    </ClInclude>
    <ClInclude Include="..\Include\HexPoint.h">
      <Filter>Include</Filter>
    </ClInclude>
  </ItemGroup>
  <ItemGroup>
    <ClCompile Include="stdafx.cpp">
      <Filter>Precompiled</Filter>
    </ClCompile>
    <ClCompile Include="Test.cpp" />
  </ItemGroup>
</Project>